
Microsoft Visual Studio Solution File, Format Version 12.00
# Visual Studio Version 17
VisualStudioVersion = 17.13.35931.197 d17.13
MinimumVisualStudioVersion = 10.0.40219.1
Project("{8BC9CEB8-8B4A-11D0-8D11-00A0C91BC942}") = "Project9", "Project9\Project9.vcxproj", "{603F7470-FCA1-4E0B-A2D7-C42E99B03260}"
EndProject
Global
	GlobalSection(SolutionConfigurationPlatforms) = preSolution
		Debug|x64 = Debug|x64
		Debug|x86 = Debug|x86
		Release|x64 = Release|x64
		Release|x86 = Release|x86
	EndGlobalSection
	GlobalSection(ProjectConfigurationPlatforms) = postSolution
		{603F7470-FCA1-4E0B-A2D7-C42E99B03260}.Debug|x64.ActiveCfg = Debug|x64
		{603F7470-FCA1-4E0B-A2D7-C42E99B03260}.Debug|x64.Build.0 = Debug|x64
		{603F7470-FCA1-4E0B-A2D7-C42E99B03260}.Debug|x86.ActiveCfg = Debug|Win32
		{603F7470-FCA1-4E0B-A2D7-C42E99B03260}.Debug|x86.Build.0 = Debug|Win32
		{603F7470-FCA1-4E0B-A2D7-C42E99B03260}.Release|x64.ActiveCfg = Release|x64
		{603F7470-FCA1-4E0B-A2D7-C42E99B03260}.Release|x64.Build.0 = Release|x64
		{603F7470-FCA1-4E0B-A2D7-C42E99B03260}.Release|x86.ActiveCfg = Release|Win32
		{603F7470-FCA1-4E0B-A2D7-C42E99B03260}.Release|x86.Build.0 = Release|Win32
	EndGlobalSection
	GlobalSection(SolutionProperties) = preSolution
		HideSolutionNode = FALSE
	EndGlobalSection
	GlobalSection(ExtensibilityGlobals) = postSolution
		SolutionGuid = {F36804C2-6C9E-4904-A8FF-8112C9ACD953}
	EndGlobalSection
EndGlobal
